// !$*UTF8*$!
{
	archiveVersion = 1;
	classes = {
	};
	objectVersion = 46;
	objects = {

/* Begin PBXBuildFile section */
		8310CDB313832C710080A2B2 /* kaniFileHandler.cpp in Sources */ = {isa = PBXBuildFile; fileRef = 8310CDB113832C710080A2B2 /* kaniFileHandler.cpp */; };
		832035D01389C8C8000A9399 /* libpng.framework in Frameworks */ = {isa = PBXBuildFile; fileRef = 832035CF1389C8C8000A9399 /* libpng.framework */; };
		832035D21389C8D7000A9399 /* squish.framework in Frameworks */ = {isa = PBXBuildFile; fileRef = 832035D11389C8D7000A9399 /* squish.framework */; };
		83478BD7137ECF8F00A11073 /* kaniCmdLine.cpp in Sources */ = {isa = PBXBuildFile; fileRef = 83478BD5137ECF8F00A11073 /* kaniCmdLine.cpp */; };
		83478BD9137FFDF000A11073 /* libboost_program_options.dylib in Frameworks */ = {isa = PBXBuildFile; fileRef = 83478BD8137FFDF000A11073 /* libboost_program_options.dylib */; };
		83478BDC13802D2900A11073 /* kaniConversion.cpp in Sources */ = {isa = PBXBuildFile; fileRef = 83478BDA13802D2900A11073 /* kaniConversion.cpp */; };
		83478BDF13802DFD00A11073 /* kaniTexFormat.cpp in Sources */ = {isa = PBXBuildFile; fileRef = 83478BDD13802DFD00A11073 /* kaniTexFormat.cpp */; };
		837829FE13929AE70029B412 /* libz.1.2.5.dylib in Frameworks */ = {isa = PBXBuildFile; fileRef = 837829FD13929AE70029B412 /* libz.1.2.5.dylib */; };
		83BC45D6138560E900E4FAEC /* kaniFileHandlerDDS.cpp in Sources */ = {isa = PBXBuildFile; fileRef = 83BC45CE138560E800E4FAEC /* kaniFileHandlerDDS.cpp */; };
		83BC45D7138560E900E4FAEC /* kaniFileHandlerKTX.cpp in Sources */ = {isa = PBXBuildFile; fileRef = 83BC45D0138560E800E4FAEC /* kaniFileHandlerKTX.cpp */; };
		83BC45D8138560E900E4FAEC /* kaniFileHandlerPNG.cpp in Sources */ = {isa = PBXBuildFile; fileRef = 83BC45D2138560E800E4FAEC /* kaniFileHandlerPNG.cpp */; };
		83BC45D9138560E900E4FAEC /* kaniFileHandlerPVR.cpp in Sources */ = {isa = PBXBuildFile; fileRef = 83BC45D4138560E800E4FAEC /* kaniFileHandlerPVR.cpp */; };
		83BC45DC1385632800E4FAEC /* kaniFileHandlerImpl.cpp in Sources */ = {isa = PBXBuildFile; fileRef = 83BC45DA1385632800E4FAEC /* kaniFileHandlerImpl.cpp */; };
		83BC45DE138569ED00E4FAEC /* kaniFileTypes.cpp in Sources */ = {isa = PBXBuildFile; fileRef = 83BC45DD138569ED00E4FAEC /* kaniFileTypes.cpp */; };
		83BC45E21386A9B300E4FAEC /* kaniConverterPVR.cpp in Sources */ = {isa = PBXBuildFile; fileRef = 83BC45E01386A9B300E4FAEC /* kaniConverterPVR.cpp */; };
		83BC45E81386B26B00E4FAEC /* kaniConverter.cpp in Sources */ = {isa = PBXBuildFile; fileRef = 83BC45E61386B26B00E4FAEC /* kaniConverter.cpp */; };
		83C0A51313772C78006ED394 /* main.cpp in Sources */ = {isa = PBXBuildFile; fileRef = 83C0A51213772C78006ED394 /* main.cpp */; };
		83C0A5511378A25A006ED394 /* pvrtex.framework in Frameworks */ = {isa = PBXBuildFile; fileRef = 83C0A5501378A25A006ED394 /* pvrtex.framework */; };
/* End PBXBuildFile section */

/* Begin PBXCopyFilesBuildPhase section */
		83724B0D13772BA500391D7B /* CopyFiles */ = {
			isa = PBXCopyFilesBuildPhase;
			buildActionMask = 2147483647;
			dstPath = /usr/share/man/man1/;
			dstSubfolderSpec = 0;
			files = (
			);
			runOnlyForDeploymentPostprocessing = 1;
		};
/* End PBXCopyFilesBuildPhase section */

/* Begin PBXFileReference section */
		8310CDB113832C710080A2B2 /* kaniFileHandler.cpp */ = {isa = PBXFileReference; fileEncoding = 4; lastKnownFileType = sourcecode.cpp.cpp; name = kaniFileHandler.cpp; path = ../../../../../Users/chris/Documents/Coding/KaniTexTool/src/kani/file/kaniFileHandler.cpp; sourceTree = "<group>"; };
		8310CDB213832C710080A2B2 /* kaniFileHandler.h */ = {isa = PBXFileReference; fileEncoding = 4; lastKnownFileType = sourcecode.c.h; name = kaniFileHandler.h; path = ../../../../../Users/chris/Documents/Coding/KaniTexTool/src/kani/file/kaniFileHandler.h; sourceTree = "<group>"; };
		832035CF1389C8C8000A9399 /* libpng.framework */ = {isa = PBXFileReference; lastKnownFileType = wrapper.framework; name = libpng.framework; path = "../../../../../Users/chris/Documents/Coding/KaniTexTool/addtional-libs/Library/Frameworks/libpng.framework"; sourceTree = "<group>"; };
		832035D11389C8D7000A9399 /* squish.framework */ = {isa = PBXFileReference; lastKnownFileType = wrapper.framework; name = squish.framework; path = "../../../../../Users/chris/Documents/Coding/KaniTexTool/addtional-libs/Library/Frameworks/squish.framework"; sourceTree = "<group>"; };
		83478BD5137ECF8F00A11073 /* kaniCmdLine.cpp */ = {isa = PBXFileReference; fileEncoding = 4; lastKnownFileType = sourcecode.cpp.cpp; name = kaniCmdLine.cpp; path = ../../../../../Users/chris/Documents/Coding/KaniTexTool/src/kani/core/kaniCmdLine.cpp; sourceTree = "<group>"; };
		83478BD6137ECF8F00A11073 /* kaniCmdLine.h */ = {isa = PBXFileReference; fileEncoding = 4; lastKnownFileType = sourcecode.c.h; name = kaniCmdLine.h; path = ../../../../../Users/chris/Documents/Coding/KaniTexTool/src/kani/core/kaniCmdLine.h; sourceTree = "<group>"; };
		83478BD8137FFDF000A11073 /* libboost_program_options.dylib */ = {isa = PBXFileReference; lastKnownFileType = "compiled.mach-o.dylib"; name = libboost_program_options.dylib; path = ../../../../../opt/local/lib/libboost_program_options.dylib; sourceTree = "<group>"; };
		83478BDA13802D2900A11073 /* kaniConversion.cpp */ = {isa = PBXFileReference; fileEncoding = 4; lastKnownFileType = sourcecode.cpp.cpp; name = kaniConversion.cpp; path = ../../../../../Users/chris/Documents/Coding/KaniTexTool/src/kani/kaniConversion.cpp; sourceTree = "<group>"; };
		83478BDB13802D2900A11073 /* kaniConversion.h */ = {isa = PBXFileReference; fileEncoding = 4; lastKnownFileType = sourcecode.c.h; name = kaniConversion.h; path = ../../../../../Users/chris/Documents/Coding/KaniTexTool/src/kani/kaniConversion.h; sourceTree = "<group>"; };
		83478BDD13802DFD00A11073 /* kaniTexFormat.cpp */ = {isa = PBXFileReference; fileEncoding = 4; lastKnownFileType = sourcecode.cpp.cpp; name = kaniTexFormat.cpp; path = ../../../../../Users/chris/Documents/Coding/KaniTexTool/src/kani/texture/kaniTexFormat.cpp; sourceTree = "<group>"; };
		83478BDE13802DFD00A11073 /* kaniTexFormat.h */ = {isa = PBXFileReference; fileEncoding = 4; lastKnownFileType = sourcecode.c.h; name = kaniTexFormat.h; path = ../../../../../Users/chris/Documents/Coding/KaniTexTool/src/kani/texture/kaniTexFormat.h; sourceTree = "<group>"; };
		83724B0F13772BA500391D7B /* KaniTexTool */ = {isa = PBXFileReference; explicitFileType = "compiled.mach-o.executable"; includeInIndex = 0; path = KaniTexTool; sourceTree = BUILT_PRODUCTS_DIR; };
		837829FD13929AE70029B412 /* libz.1.2.5.dylib */ = {isa = PBXFileReference; lastKnownFileType = "compiled.mach-o.dylib"; name = libz.1.2.5.dylib; path = ../../../../../opt/local/lib/libz.1.2.5.dylib; sourceTree = "<group>"; };
		83BC45CE138560E800E4FAEC /* kaniFileHandlerDDS.cpp */ = {isa = PBXFileReference; fileEncoding = 4; lastKnownFileType = sourcecode.cpp.cpp; name = kaniFileHandlerDDS.cpp; path = src/kani/file/kaniFileHandlerDDS.cpp; sourceTree = "<group>"; };
		83BC45CF138560E800E4FAEC /* kaniFileHandlerDDS.h */ = {isa = PBXFileReference; fileEncoding = 4; lastKnownFileType = sourcecode.c.h; name = kaniFileHandlerDDS.h; path = src/kani/file/kaniFileHandlerDDS.h; sourceTree = "<group>"; };
		83BC45D0138560E800E4FAEC /* kaniFileHandlerKTX.cpp */ = {isa = PBXFileReference; fileEncoding = 4; lastKnownFileType = sourcecode.cpp.cpp; name = kaniFileHandlerKTX.cpp; path = src/kani/file/kaniFileHandlerKTX.cpp; sourceTree = "<group>"; };
		83BC45D1138560E800E4FAEC /* kaniFileHandlerKTX.h */ = {isa = PBXFileReference; fileEncoding = 4; lastKnownFileType = sourcecode.c.h; name = kaniFileHandlerKTX.h; path = src/kani/file/kaniFileHandlerKTX.h; sourceTree = "<group>"; };
		83BC45D2138560E800E4FAEC /* kaniFileHandlerPNG.cpp */ = {isa = PBXFileReference; fileEncoding = 4; lastKnownFileType = sourcecode.cpp.cpp; name = kaniFileHandlerPNG.cpp; path = src/kani/file/kaniFileHandlerPNG.cpp; sourceTree = "<group>"; };
		83BC45D3138560E800E4FAEC /* kaniFileHandlerPNG.h */ = {isa = PBXFileReference; fileEncoding = 4; lastKnownFileType = sourcecode.c.h; name = kaniFileHandlerPNG.h; path = src/kani/file/kaniFileHandlerPNG.h; sourceTree = "<group>"; };
		83BC45D4138560E800E4FAEC /* kaniFileHandlerPVR.cpp */ = {isa = PBXFileReference; fileEncoding = 4; lastKnownFileType = sourcecode.cpp.cpp; name = kaniFileHandlerPVR.cpp; path = src/kani/file/kaniFileHandlerPVR.cpp; sourceTree = "<group>"; };
		83BC45D5138560E900E4FAEC /* kaniFileHandlerPVR.h */ = {isa = PBXFileReference; fileEncoding = 4; lastKnownFileType = sourcecode.c.h; name = kaniFileHandlerPVR.h; path = src/kani/file/kaniFileHandlerPVR.h; sourceTree = "<group>"; };
		83BC45DA1385632800E4FAEC /* kaniFileHandlerImpl.cpp */ = {isa = PBXFileReference; fileEncoding = 4; lastKnownFileType = sourcecode.cpp.cpp; name = kaniFileHandlerImpl.cpp; path = src/kani/file/kaniFileHandlerImpl.cpp; sourceTree = "<group>"; };
		83BC45DB1385632800E4FAEC /* kaniFileHandlerImpl.h */ = {isa = PBXFileReference; fileEncoding = 4; lastKnownFileType = sourcecode.c.h; name = kaniFileHandlerImpl.h; path = src/kani/file/kaniFileHandlerImpl.h; sourceTree = "<group>"; };
		83BC45DD138569ED00E4FAEC /* kaniFileTypes.cpp */ = {isa = PBXFileReference; fileEncoding = 4; lastKnownFileType = sourcecode.cpp.cpp; name = kaniFileTypes.cpp; path = src/kani/file/kaniFileTypes.cpp; sourceTree = "<group>"; };
		83BC45E01386A9B300E4FAEC /* kaniConverterPVR.cpp */ = {isa = PBXFileReference; fileEncoding = 4; lastKnownFileType = sourcecode.cpp.cpp; name = kaniConverterPVR.cpp; path = src/kani/converter/kaniConverterPVR.cpp; sourceTree = "<group>"; };
		83BC45E11386A9B300E4FAEC /* kaniConverterPVR.h */ = {isa = PBXFileReference; fileEncoding = 4; lastKnownFileType = sourcecode.c.h; name = kaniConverterPVR.h; path = src/kani/converter/kaniConverterPVR.h; sourceTree = "<group>"; };
		83BC45E61386B26B00E4FAEC /* kaniConverter.cpp */ = {isa = PBXFileReference; fileEncoding = 4; lastKnownFileType = sourcecode.cpp.cpp; name = kaniConverter.cpp; path = src/kani/converter/kaniConverter.cpp; sourceTree = "<group>"; };
		83BC45E71386B26B00E4FAEC /* kaniConverter.h */ = {isa = PBXFileReference; fileEncoding = 4; lastKnownFileType = sourcecode.c.h; name = kaniConverter.h; path = src/kani/converter/kaniConverter.h; sourceTree = "<group>"; };
		83C0A51113772C78006ED394 /* KaniTexTool.1 */ = {isa = PBXFileReference; fileEncoding = 4; lastKnownFileType = text.man; name = KaniTexTool.1; path = src/KaniTexTool.1; sourceTree = "<group>"; };
		83C0A51213772C78006ED394 /* main.cpp */ = {isa = PBXFileReference; fileEncoding = 4; lastKnownFileType = sourcecode.cpp.cpp; name = main.cpp; path = src/main.cpp; sourceTree = "<group>"; };
		83C0A52513772F7B006ED394 /* kaniTypes.h */ = {isa = PBXFileReference; fileEncoding = 4; lastKnownFileType = sourcecode.c.h; name = kaniTypes.h; path = src/kani/core/kaniTypes.h; sourceTree = "<group>"; };
		83C0A54D13789ADF006ED394 /* kaniEndian.h */ = {isa = PBXFileReference; fileEncoding = 4; lastKnownFileType = sourcecode.c.h; name = kaniEndian.h; path = src/kani/core/kaniEndian.h; sourceTree = "<group>"; };
		83C0A54F13789E03006ED394 /* kaniFileTypes.h */ = {isa = PBXFileReference; fileEncoding = 4; lastKnownFileType = sourcecode.c.h; name = kaniFileTypes.h; path = src/kani/file/kaniFileTypes.h; sourceTree = "<group>"; };
		83C0A5501378A25A006ED394 /* pvrtex.framework */ = {isa = PBXFileReference; lastKnownFileType = wrapper.framework; name = pvrtex.framework; path = "addtional-libs/Library/Frameworks/pvrtex.framework"; sourceTree = "<group>"; };
/* End PBXFileReference section */

/* Begin PBXFrameworksBuildPhase section */
		83724B0C13772BA500391D7B /* Frameworks */ = {
			isa = PBXFrameworksBuildPhase;
			buildActionMask = 2147483647;
			files = (
				83C0A5511378A25A006ED394 /* pvrtex.framework in Frameworks */,
				83478BD9137FFDF000A11073 /* libboost_program_options.dylib in Frameworks */,
				832035D01389C8C8000A9399 /* libpng.framework in Frameworks */,
				832035D21389C8D7000A9399 /* squish.framework in Frameworks */,
				837829FE13929AE70029B412 /* libz.1.2.5.dylib in Frameworks */,
			);
			runOnlyForDeploymentPostprocessing = 0;
		};
/* End PBXFrameworksBuildPhase section */

/* Begin PBXGroup section */
		83724B0413772BA400391D7B = {
			isa = PBXGroup;
			children = (
				83C0A51013772C5C006ED394 /* Frameworks */,
				83C0A50F13772C48006ED394 /* Libraries */,
				83C0A50E13772C3C006ED394 /* Sources */,
				83724B1013772BA500391D7B /* Products */,
			);
			sourceTree = "<group>";
		};
		83724B1013772BA500391D7B /* Products */ = {
			isa = PBXGroup;
			children = (
				83724B0F13772BA500391D7B /* KaniTexTool */,
			);
			name = Products;
			sourceTree = "<group>";
		};
		83BC45DF1386A96000E4FAEC /* converter */ = {
			isa = PBXGroup;
			children = (
				83BC45E61386B26B00E4FAEC /* kaniConverter.cpp */,
				83BC45E71386B26B00E4FAEC /* kaniConverter.h */,
				83BC45E01386A9B300E4FAEC /* kaniConverterPVR.cpp */,
				83BC45E11386A9B300E4FAEC /* kaniConverterPVR.h */,
			);
			name = converter;
			sourceTree = "<group>";
		};
		83C0A50E13772C3C006ED394 /* Sources */ = {
			isa = PBXGroup;
			children = (
				83C0A52213772F3D006ED394 /* kani */,
				83C0A51113772C78006ED394 /* KaniTexTool.1 */,
				83C0A51213772C78006ED394 /* main.cpp */,
			);
			name = Sources;
			sourceTree = "<group>";
		};
		83C0A50F13772C48006ED394 /* Libraries */ = {
			isa = PBXGroup;
			children = (
				837829FD13929AE70029B412 /* libz.1.2.5.dylib */,
				83478BD8137FFDF000A11073 /* libboost_program_options.dylib */,
			);
			name = Libraries;
			sourceTree = "<group>";
		};
		83C0A51013772C5C006ED394 /* Frameworks */ = {
			isa = PBXGroup;
			children = (
				832035D11389C8D7000A9399 /* squish.framework */,
				832035CF1389C8C8000A9399 /* libpng.framework */,
				83C0A5501378A25A006ED394 /* pvrtex.framework */,
			);
			name = Frameworks;
			sourceTree = "<group>";
		};
		83C0A52213772F3D006ED394 /* kani */ = {
			isa = PBXGroup;
			children = (
				83478BDA13802D2900A11073 /* kaniConversion.cpp */,
				83478BDB13802D2900A11073 /* kaniConversion.h */,
				83C0A52613772F7F006ED394 /* core */,
				83C0A52413772F5C006ED394 /* texture */,
				83C0A52313772F48006ED394 /* file */,
				83BC45DF1386A96000E4FAEC /* converter */,
			);
			name = kani;
			sourceTree = "<group>";
		};
		83C0A52313772F48006ED394 /* file */ = {
			isa = PBXGroup;
			children = (
				83BC45DD138569ED00E4FAEC /* kaniFileTypes.cpp */,
				83C0A54F13789E03006ED394 /* kaniFileTypes.h */,
				8310CDB113832C710080A2B2 /* kaniFileHandler.cpp */,
				8310CDB213832C710080A2B2 /* kaniFileHandler.h */,
				83BC45DA1385632800E4FAEC /* kaniFileHandlerImpl.cpp */,
				83BC45DB1385632800E4FAEC /* kaniFileHandlerImpl.h */,
				83BC45CE138560E800E4FAEC /* kaniFileHandlerDDS.cpp */,
				83BC45CF138560E800E4FAEC /* kaniFileHandlerDDS.h */,
				83BC45D0138560E800E4FAEC /* kaniFileHandlerKTX.cpp */,
				83BC45D1138560E800E4FAEC /* kaniFileHandlerKTX.h */,
				83BC45D2138560E800E4FAEC /* kaniFileHandlerPNG.cpp */,
				83BC45D3138560E800E4FAEC /* kaniFileHandlerPNG.h */,
				83BC45D4138560E800E4FAEC /* kaniFileHandlerPVR.cpp */,
				83BC45D5138560E900E4FAEC /* kaniFileHandlerPVR.h */,
			);
			name = file;
			sourceTree = "<group>";
		};
		83C0A52413772F5C006ED394 /* texture */ = {
			isa = PBXGroup;
			children = (
				83478BDD13802DFD00A11073 /* kaniTexFormat.cpp */,
				83478BDE13802DFD00A11073 /* kaniTexFormat.h */,
			);
			name = texture;
			sourceTree = "<group>";
		};
		83C0A52613772F7F006ED394 /* core */ = {
			isa = PBXGroup;
			children = (
				83C0A52513772F7B006ED394 /* kaniTypes.h */,
				83C0A54D13789ADF006ED394 /* kaniEndian.h */,
				83478BD5137ECF8F00A11073 /* kaniCmdLine.cpp */,
				83478BD6137ECF8F00A11073 /* kaniCmdLine.h */,
			);
			name = core;
			sourceTree = "<group>";
		};
/* End PBXGroup section */

/* Begin PBXNativeTarget section */
		83724B0E13772BA500391D7B /* KaniTexTool */ = {
			isa = PBXNativeTarget;
			buildConfigurationList = 83724B1813772BA500391D7B /* Build configuration list for PBXNativeTarget "KaniTexTool" */;
			buildPhases = (
				83724B0B13772BA500391D7B /* Sources */,
				83724B0C13772BA500391D7B /* Frameworks */,
				83724B0D13772BA500391D7B /* CopyFiles */,
			);
			buildRules = (
			);
			dependencies = (
			);
			name = KaniTexTool;
			productName = KaniTexTool;
			productReference = 83724B0F13772BA500391D7B /* KaniTexTool */;
			productType = "com.apple.product-type.tool";
		};
/* End PBXNativeTarget section */

/* Begin PBXProject section */
		83724B0613772BA400391D7B /* Project object */ = {
			isa = PBXProject;
			buildConfigurationList = 83724B0913772BA400391D7B /* Build configuration list for PBXProject "KaniTexTool" */;
			compatibilityVersion = "Xcode 3.2";
			developmentRegion = English;
			hasScannedForEncodings = 0;
			knownRegions = (
				en,
			);
			mainGroup = 83724B0413772BA400391D7B;
			productRefGroup = 83724B1013772BA500391D7B /* Products */;
			projectDirPath = "";
			projectRoot = "";
			targets = (
				83724B0E13772BA500391D7B /* KaniTexTool */,
			);
		};
/* End PBXProject section */

/* Begin PBXSourcesBuildPhase section */
		83724B0B13772BA500391D7B /* Sources */ = {
			isa = PBXSourcesBuildPhase;
			buildActionMask = 2147483647;
			files = (
				83C0A51313772C78006ED394 /* main.cpp in Sources */,
				83478BD7137ECF8F00A11073 /* kaniCmdLine.cpp in Sources */,
				83478BDC13802D2900A11073 /* kaniConversion.cpp in Sources */,
				83478BDF13802DFD00A11073 /* kaniTexFormat.cpp in Sources */,
				8310CDB313832C710080A2B2 /* kaniFileHandler.cpp in Sources */,
				83BC45D6138560E900E4FAEC /* kaniFileHandlerDDS.cpp in Sources */,
				83BC45D7138560E900E4FAEC /* kaniFileHandlerKTX.cpp in Sources */,
				83BC45D8138560E900E4FAEC /* kaniFileHandlerPNG.cpp in Sources */,
				83BC45D9138560E900E4FAEC /* kaniFileHandlerPVR.cpp in Sources */,
				83BC45DC1385632800E4FAEC /* kaniFileHandlerImpl.cpp in Sources */,
				83BC45DE138569ED00E4FAEC /* kaniFileTypes.cpp in Sources */,
				83BC45E21386A9B300E4FAEC /* kaniConverterPVR.cpp in Sources */,
				83BC45E81386B26B00E4FAEC /* kaniConverter.cpp in Sources */,
			);
			runOnlyForDeploymentPostprocessing = 0;
		};
/* End PBXSourcesBuildPhase section */

/* Begin XCBuildConfiguration section */
		83724B1613772BA500391D7B /* Debug */ = {
			isa = XCBuildConfiguration;
			buildSettings = {
				ARCHS = "$(ARCHS_STANDARD_32_64_BIT)";
				GCC_C_LANGUAGE_STANDARD = gnu99;
				GCC_OPTIMIZATION_LEVEL = 0;
				GCC_PREPROCESSOR_DEFINITIONS = DEBUG;
				GCC_SYMBOLS_PRIVATE_EXTERN = NO;
				GCC_VERSION = com.apple.compilers.llvm.clang.1_0;
				GCC_WARN_64_TO_32_BIT_CONVERSION = YES;
				GCC_WARN_ABOUT_RETURN_TYPE = YES;
				GCC_WARN_UNUSED_VARIABLE = YES;
				HEADER_SEARCH_PATHS = "$(SRCROOT)/addtional-libs/boost";
				MACOSX_DEPLOYMENT_TARGET = 10.6;
				ONLY_ACTIVE_ARCH = YES;
				SDKROOT = macosx;
			};
			name = Debug;
		};
		83724B1713772BA500391D7B /* Release */ = {
			isa = XCBuildConfiguration;
			buildSettings = {
				ARCHS = "$(ARCHS_STANDARD_32_64_BIT)";
				GCC_C_LANGUAGE_STANDARD = gnu99;
				GCC_VERSION = com.apple.compilers.llvm.clang.1_0;
				GCC_WARN_64_TO_32_BIT_CONVERSION = YES;
				GCC_WARN_ABOUT_RETURN_TYPE = YES;
				GCC_WARN_UNUSED_VARIABLE = YES;
				HEADER_SEARCH_PATHS = "$(SRCROOT)/addtional-libs/boost";
				MACOSX_DEPLOYMENT_TARGET = 10.6;
				SDKROOT = macosx;
			};
			name = Release;
		};
		83724B1913772BA500391D7B /* Debug */ = {
			isa = XCBuildConfiguration;
			buildSettings = {
				ALWAYS_SEARCH_USER_PATHS = NO;
				COPY_PHASE_STRIP = NO;
				FRAMEWORK_SEARCH_PATHS = (
					"$(inherited)",
					"\"$(SRCROOT)/addtional-libs/pvrtex/Library/Frameworks\"",
					"\"$(SRCROOT)/addtional-libs/Library/Frameworks\"",
					"\"/Users/chris/Documents/Coding/KaniTexTool/addtional-libs/Library/Frameworks\"",
				);
				GCC_DYNAMIC_NO_PIC = NO;
				GCC_ENABLE_OBJC_EXCEPTIONS = YES;
				LIBRARY_SEARCH_PATHS = (
					"$(inherited)",
					"\"$(SRCROOT)/addtional-libs/pvrtex/lib/MacOS_x86\"",
					/opt/local/lib,
				);
				PRODUCT_NAME = "$(TARGET_NAME)";
			};
			name = Debug;
		};
		83724B1A13772BA500391D7B /* Release */ = {
			isa = XCBuildConfiguration;
			buildSettings = {
				ALWAYS_SEARCH_USER_PATHS = NO;
				COPY_PHASE_STRIP = YES;
				DEBUG_INFORMATION_FORMAT = "dwarf-with-dsym";
				FRAMEWORK_SEARCH_PATHS = (
					"$(inherited)",
					"\"$(SRCROOT)/addtional-libs/pvrtex/Library/Frameworks\"",
					"\"$(SRCROOT)/addtional-libs/Library/Frameworks\"",
					"\"/Users/chris/Documents/Coding/KaniTexTool/addtional-libs/Library/Frameworks\"",
				);
				GCC_ENABLE_OBJC_EXCEPTIONS = YES;
				LIBRARY_SEARCH_PATHS = (
					"$(inherited)",
					"\"$(SRCROOT)/addtional-libs/pvrtex/lib/MacOS_x86\"",
					/opt/local/lib,
				);
				PRODUCT_NAME = "$(TARGET_NAME)";
			};
			name = Release;
		};
/* End XCBuildConfiguration section */

/* Begin XCConfigurationList section */
		83724B0913772BA400391D7B /* Build configuration list for PBXProject "KaniTexTool" */ = {
			isa = XCConfigurationList;
			buildConfigurations = (
				83724B1613772BA500391D7B /* Debug */,
				83724B1713772BA500391D7B /* Release */,
			);
			defaultConfigurationIsVisible = 0;
			defaultConfigurationName = Release;
		};
		83724B1813772BA500391D7B /* Build configuration list for PBXNativeTarget "KaniTexTool" */ = {
			isa = XCConfigurationList;
			buildConfigurations = (
				83724B1913772BA500391D7B /* Debug */,
				83724B1A13772BA500391D7B /* Release */,
			);
			defaultConfigurationIsVisible = 0;
			defaultConfigurationName = Release;
		};
/* End XCConfigurationList section */
	};
	rootObject = 83724B0613772BA400391D7B /* Project object */;
}
